
Microsoft Visual Studio Solution File, Format Version 11.00
# Visual Studio 2010
Project("{8BC9CEB8-8B4A-11D0-8D11-00A0C91BC942}") = "Sudoku", "Sudoku\Sudoku.vcxproj", "{21C4BBE1-D62B-4E00-B863-C3AE358AD64E}"
EndProject
Global
	GlobalSection(SolutionConfigurationPlatforms) = preSolution
		Debug|Win32 = Debug|Win32
		Release|Win32 = Release|Win32
	EndGlobalSection
	GlobalSection(ProjectConfigurationPlatforms) = postSolution
		{21C4BBE1-D62B-4E00-B863-C3AE358AD64E}.Debug|Win32.ActiveCfg = Debug|Win32
		{21C4BBE1-D62B-4E00-B863-C3AE358AD64E}.Debug|Win32.Build.0 = Debug|Win32
		{21C4BBE1-D62B-4E00-B863-C3AE358AD64E}.Release|Win32.ActiveCfg = Release|Win32
		{21C4BBE1-D62B-4E00-B863-C3AE358AD64E}.Release|Win32.Build.0 = Release|Win32
	EndGlobalSection
	GlobalSection(SolutionProperties) = preSolution
		HideSolutionNode = FALSE
	EndGlobalSection
EndGlobal
